// !$*UTF8*$!
{
	archiveVersion = 1;
	classes = {
	};
	objectVersion = 46;
	objects = {

/* Begin PBXBuildFile section */
		965CBD12199BCE3100CB8A05 /* main.m in Sources */ = {isa = PBXBuildFile; fileRef = 965CBD11199BCE3100CB8A05 /* main.m */; };
		965CBD15199BCE3100CB8A05 /* AppDelegate.m in Sources */ = {isa = PBXBuildFile; fileRef = 965CBD14199BCE3100CB8A05 /* AppDelegate.m */; };
		965CBD1D199BCE3100CB8A05 /* Images.xcassets in Resources */ = {isa = PBXBuildFile; fileRef = 965CBD1C199BCE3100CB8A05 /* Images.xcassets */; };
		965CBD29199BCE3100CB8A05 /* iOS7stylenavigationbar_and_tabbarTests.m in Sources */ = {isa = PBXBuildFile; fileRef = 965CBD28199BCE3100CB8A05 /* iOS7stylenavigationbar_and_tabbarTests.m */; };
		965CBD37199BCED300CB8A05 /* UIERealTimeBlurView.m in Sources */ = {isa = PBXBuildFile; fileRef = 965CBD34199BCED300CB8A05 /* UIERealTimeBlurView.m */; };
		965CBD38199BCED300CB8A05 /* UIImage+BoxBlur.m in Sources */ = {isa = PBXBuildFile; fileRef = 965CBD36199BCED300CB8A05 /* UIImage+BoxBlur.m */; };
		965CBD3B199BD05800CB8A05 /* ZCOpalTabbarVC.m in Sources */ = {isa = PBXBuildFile; fileRef = 965CBD3A199BD05800CB8A05 /* ZCOpalTabbarVC.m */; };
		965CBD3E199BD12C00CB8A05 /* ZCOpalNaviVC.m in Sources */ = {isa = PBXBuildFile; fileRef = 965CBD3D199BD12C00CB8A05 /* ZCOpalNaviVC.m */; };
		965CBD41199BDA6E00CB8A05 /* ZCScrollViewController.m in Sources */ = {isa = PBXBuildFile; fileRef = 965CBD40199BDA6E00CB8A05 /* ZCScrollViewController.m */; };
		965CBD44199BE1E500CB8A05 /* ZCOpalTabbarView.m in Sources */ = {isa = PBXBuildFile; fileRef = 965CBD43199BE1E500CB8A05 /* ZCOpalTabbarView.m */; };
		965CBD49199C02A600CB8A05 /* ZCtableVIewVC.m in Sources */ = {isa = PBXBuildFile; fileRef = 965CBD48199C02A600CB8A05 /* ZCtableVIewVC.m */; };
		965CBD4F199C03FB00CB8A05 /* UIColor+Extension.m in Sources */ = {isa = PBXBuildFile; fileRef = 965CBD4C199C03FB00CB8A05 /* UIColor+Extension.m */; };
		965CBD50199C03FB00CB8A05 /* UIColor+GraphKit.m in Sources */ = {isa = PBXBuildFile; fileRef = 965CBD4E199C03FB00CB8A05 /* UIColor+GraphKit.m */; };
		965CBD56199C090000CB8A05 /* ZCNaviBlurView.m in Sources */ = {isa = PBXBuildFile; fileRef = 965CBD55199C090000CB8A05 /* ZCNaviBlurView.m */; };
/* End PBXBuildFile section */

/* Begin PBXContainerItemProxy section */
		965CBD23199BCE3100CB8A05 /* PBXContainerItemProxy */ = {
			isa = PBXContainerItemProxy;
			containerPortal = 965CBD04199BCE3100CB8A05 /* Project object */;
			proxyType = 1;
			remoteGlobalIDString = 965CBD0B199BCE3100CB8A05;
			remoteInfo = "iOS7stylenavigationbar and tabbar";
		};
/* End PBXContainerItemProxy section */

/* Begin PBXFileReference section */
		965CBD0C199BCE3100CB8A05 /* iOS7stylenavigationbar and tabbar.app */ = {isa = PBXFileReference; explicitFileType = wrapper.application; includeInIndex = 0; path = "iOS7stylenavigationbar and tabbar.app"; sourceTree = BUILT_PRODUCTS_DIR; };
		965CBD10199BCE3100CB8A05 /* Info.plist */ = {isa = PBXFileReference; lastKnownFileType = text.plist.xml; path = Info.plist; sourceTree = "<group>"; };
		965CBD11199BCE3100CB8A05 /* main.m */ = {isa = PBXFileReference; lastKnownFileType = sourcecode.c.objc; path = main.m; sourceTree = "<group>"; };
		965CBD13199BCE3100CB8A05 /* AppDelegate.h */ = {isa = PBXFileReference; lastKnownFileType = sourcecode.c.h; path = AppDelegate.h; sourceTree = "<group>"; };
		965CBD14199BCE3100CB8A05 /* AppDelegate.m */ = {isa = PBXFileReference; lastKnownFileType = sourcecode.c.objc; path = AppDelegate.m; sourceTree = "<group>"; };
		965CBD1C199BCE3100CB8A05 /* Images.xcassets */ = {isa = PBXFileReference; lastKnownFileType = folder.assetcatalog; path = Images.xcassets; sourceTree = "<group>"; };
		965CBD22199BCE3100CB8A05 /* iOS7stylenavigationbar and tabbarTests.xctest */ = {isa = PBXFileReference; explicitFileType = wrapper.cfbundle; includeInIndex = 0; path = "iOS7stylenavigationbar and tabbarTests.xctest"; sourceTree = BUILT_PRODUCTS_DIR; };
		965CBD27199BCE3100CB8A05 /* Info.plist */ = {isa = PBXFileReference; lastKnownFileType = text.plist.xml; path = Info.plist; sourceTree = "<group>"; };
		965CBD28199BCE3100CB8A05 /* iOS7stylenavigationbar_and_tabbarTests.m */ = {isa = PBXFileReference; lastKnownFileType = sourcecode.c.objc; path = iOS7stylenavigationbar_and_tabbarTests.m; sourceTree = "<group>"; };
		965CBD33199BCED300CB8A05 /* UIERealTimeBlurView.h */ = {isa = PBXFileReference; fileEncoding = 4; lastKnownFileType = sourcecode.c.h; path = UIERealTimeBlurView.h; sourceTree = "<group>"; };
		965CBD34199BCED300CB8A05 /* UIERealTimeBlurView.m */ = {isa = PBXFileReference; fileEncoding = 4; lastKnownFileType = sourcecode.c.objc; path = UIERealTimeBlurView.m; sourceTree = "<group>"; };
		965CBD35199BCED300CB8A05 /* UIImage+BoxBlur.h */ = {isa = PBXFileReference; fileEncoding = 4; lastKnownFileType = sourcecode.c.h; path = "UIImage+BoxBlur.h"; sourceTree = "<group>"; };
		965CBD36199BCED300CB8A05 /* UIImage+BoxBlur.m */ = {isa = PBXFileReference; fileEncoding = 4; lastKnownFileType = sourcecode.c.objc; path = "UIImage+BoxBlur.m"; sourceTree = "<group>"; };
		965CBD39199BD05800CB8A05 /* ZCOpalTabbarVC.h */ = {isa = PBXFileReference; fileEncoding = 4; lastKnownFileType = sourcecode.c.h; path = ZCOpalTabbarVC.h; sourceTree = "<group>"; };
		965CBD3A199BD05800CB8A05 /* ZCOpalTabbarVC.m */ = {isa = PBXFileReference; fileEncoding = 4; lastKnownFileType = sourcecode.c.objc; path = ZCOpalTabbarVC.m; sourceTree = "<group>"; };
		965CBD3C199BD12C00CB8A05 /* ZCOpalNaviVC.h */ = {isa = PBXFileReference; fileEncoding = 4; lastKnownFileType = sourcecode.c.h; path = ZCOpalNaviVC.h; sourceTree = "<group>"; };
		965CBD3D199BD12C00CB8A05 /* ZCOpalNaviVC.m */ = {isa = PBXFileReference; fileEncoding = 4; lastKnownFileType = sourcecode.c.objc; path = ZCOpalNaviVC.m; sourceTree = "<group>"; };
		965CBD3F199BDA6E00CB8A05 /* ZCScrollViewController.h */ = {isa = PBXFileReference; fileEncoding = 4; lastKnownFileType = sourcecode.c.h; name = ZCScrollViewController.h; path = ZCRealtimeBlur/ZCScrollViewController.h; sourceTree = "<group>"; };
		965CBD40199BDA6E00CB8A05 /* ZCScrollViewController.m */ = {isa = PBXFileReference; fileEncoding = 4; lastKnownFileType = sourcecode.c.objc; name = ZCScrollViewController.m; path = ZCRealtimeBlur/ZCScrollViewController.m; sourceTree = "<group>"; };
		965CBD42199BE1E500CB8A05 /* ZCOpalTabbarView.h */ = {isa = PBXFileReference; fileEncoding = 4; lastKnownFileType = sourcecode.c.h; path = ZCOpalTabbarView.h; sourceTree = "<group>"; };
		965CBD43199BE1E500CB8A05 /* ZCOpalTabbarView.m */ = {isa = PBXFileReference; fileEncoding = 4; lastKnownFileType = sourcecode.c.objc; path = ZCOpalTabbarView.m; sourceTree = "<group>"; };
		965CBD45199BECB500CB8A05 /* Reveal.framework */ = {isa = PBXFileReference; lastKnownFileType = wrapper.framework; path = Reveal.framework; sourceTree = "<group>"; };
		965CBD47199C02A600CB8A05 /* ZCtableVIewVC.h */ = {isa = PBXFileReference; fileEncoding = 4; lastKnownFileType = sourcecode.c.h; path = ZCtableVIewVC.h; sourceTree = "<group>"; };
		965CBD48199C02A600CB8A05 /* ZCtableVIewVC.m */ = {isa = PBXFileReference; fileEncoding = 4; lastKnownFileType = sourcecode.c.objc; path = ZCtableVIewVC.m; sourceTree = "<group>"; };
		965CBD4B199C03FB00CB8A05 /* UIColor+Extension.h */ = {isa = PBXFileReference; fileEncoding = 4; lastKnownFileType = sourcecode.c.h; path = "UIColor+Extension.h"; sourceTree = "<group>"; };
		965CBD4C199C03FB00CB8A05 /* UIColor+Extension.m */ = {isa = PBXFileReference; fileEncoding = 4; lastKnownFileType = sourcecode.c.objc; path = "UIColor+Extension.m"; sourceTree = "<group>"; };
		965CBD4D199C03FB00CB8A05 /* UIColor+GraphKit.h */ = {isa = PBXFileReference; fileEncoding = 4; lastKnownFileType = sourcecode.c.h; path = "UIColor+GraphKit.h"; sourceTree = "<group>"; };
		965CBD4E199C03FB00CB8A05 /* UIColor+GraphKit.m */ = {isa = PBXFileReference; fileEncoding = 4; lastKnownFileType = sourcecode.c.objc; path = "UIColor+GraphKit.m"; sourceTree = "<group>"; };
		965CBD54199C090000CB8A05 /* ZCNaviBlurView.h */ = {isa = PBXFileReference; fileEncoding = 4; lastKnownFileType = sourcecode.c.h; path = ZCNaviBlurView.h; sourceTree = "<group>"; };
		965CBD55199C090000CB8A05 /* ZCNaviBlurView.m */ = {isa = PBXFileReference; fileEncoding = 4; lastKnownFileType = sourcecode.c.objc; path = ZCNaviBlurView.m; sourceTree = "<group>"; };
/* End PBXFileReference section */

/* Begin PBXFrameworksBuildPhase section */
		965CBD09199BCE3100CB8A05 /* Frameworks */ = {
			isa = PBXFrameworksBuildPhase;
			buildActionMask = 2147483647;
			files = (
			);
			runOnlyForDeploymentPostprocessing = 0;
		};
		965CBD1F199BCE3100CB8A05 /* Frameworks */ = {
			isa = PBXFrameworksBuildPhase;
			buildActionMask = 2147483647;
			files = (
			);
			runOnlyForDeploymentPostprocessing = 0;
		};
/* End PBXFrameworksBuildPhase section */

/* Begin PBXGroup section */
		965CBD03199BCE3100CB8A05 = {
			isa = PBXGroup;
			children = (
				965CBD0E199BCE3100CB8A05 /* iOS7stylenavigationbar and tabbar */,
				965CBD25199BCE3100CB8A05 /* iOS7stylenavigationbar and tabbarTests */,
				965CBD0D199BCE3100CB8A05 /* Products */,
				965CBD45199BECB500CB8A05 /* Reveal.framework */,
			);
			sourceTree = "<group>";
		};
		965CBD0D199BCE3100CB8A05 /* Products */ = {
			isa = PBXGroup;
			children = (
				965CBD0C199BCE3100CB8A05 /* iOS7stylenavigationbar and tabbar.app */,
				965CBD22199BCE3100CB8A05 /* iOS7stylenavigationbar and tabbarTests.xctest */,
			);
			name = Products;
			sourceTree = "<group>";
		};
		965CBD0E199BCE3100CB8A05 /* iOS7stylenavigationbar and tabbar */ = {
			isa = PBXGroup;
			children = (
				965CBD13199BCE3100CB8A05 /* AppDelegate.h */,
				965CBD14199BCE3100CB8A05 /* AppDelegate.m */,
				965CBD52199C086200CB8A05 /* main */,
				965CBD53199C088A00CB8A05 /* scroolview */,
				965CBD51199C083B00CB8A05 /* tableBarView */,
				965CBD1C199BCE3100CB8A05 /* Images.xcassets */,
				965CBD4A199C03FB00CB8A05 /* UIcolor */,
				965CBD32199BCED300CB8A05 /* RealtimeBlur */,
				965CBD0F199BCE3100CB8A05 /* Supporting Files */,
			);
			path = "iOS7stylenavigationbar and tabbar";
			sourceTree = "<group>";
		};
		965CBD0F199BCE3100CB8A05 /* Supporting Files */ = {
			isa = PBXGroup;
			children = (
				965CBD10199BCE3100CB8A05 /* Info.plist */,
				965CBD11199BCE3100CB8A05 /* main.m */,
			);
			name = "Supporting Files";
			sourceTree = "<group>";
		};
		965CBD25199BCE3100CB8A05 /* iOS7stylenavigationbar and tabbarTests */ = {
			isa = PBXGroup;
			children = (
				965CBD28199BCE3100CB8A05 /* iOS7stylenavigationbar_and_tabbarTests.m */,
				965CBD26199BCE3100CB8A05 /* Supporting Files */,
			);
			path = "iOS7stylenavigationbar and tabbarTests";
			sourceTree = "<group>";
		};
		965CBD26199BCE3100CB8A05 /* Supporting Files */ = {
			isa = PBXGroup;
			children = (
				965CBD27199BCE3100CB8A05 /* Info.plist */,
			);
			name = "Supporting Files";
			sourceTree = "<group>";
		};
		965CBD32199BCED300CB8A05 /* RealtimeBlur */ = {
			isa = PBXGroup;
			children = (
				965CBD33199BCED300CB8A05 /* UIERealTimeBlurView.h */,
				965CBD34199BCED300CB8A05 /* UIERealTimeBlurView.m */,
				965CBD35199BCED300CB8A05 /* UIImage+BoxBlur.h */,
				965CBD36199BCED300CB8A05 /* UIImage+BoxBlur.m */,
			);
			name = RealtimeBlur;
			path = ZCRealtimeBlur;
			sourceTree = "<group>";
		};
		965CBD4A199C03FB00CB8A05 /* UIcolor */ = {
			isa = PBXGroup;
			children = (
				965CBD4B199C03FB00CB8A05 /* UIColor+Extension.h */,
				965CBD4C199C03FB00CB8A05 /* UIColor+Extension.m */,
				965CBD4D199C03FB00CB8A05 /* UIColor+GraphKit.h */,
				965CBD4E199C03FB00CB8A05 /* UIColor+GraphKit.m */,
			);
			path = UIcolor;
			sourceTree = "<group>";
		};
		965CBD51199C083B00CB8A05 /* tableBarView */ = {
			isa = PBXGroup;
			children = (
				965CBD47199C02A600CB8A05 /* ZCtableVIewVC.h */,
				965CBD48199C02A600CB8A05 /* ZCtableVIewVC.m */,
			);
			name = tableBarView;
			sourceTree = "<group>";
		};
		965CBD52199C086200CB8A05 /* main */ = {
			isa = PBXGroup;
			children = (
				965CBD3C199BD12C00CB8A05 /* ZCOpalNaviVC.h */,
				965CBD3D199BD12C00CB8A05 /* ZCOpalNaviVC.m */,
				965CBD39199BD05800CB8A05 /* ZCOpalTabbarVC.h */,
				965CBD3A199BD05800CB8A05 /* ZCOpalTabbarVC.m */,
				965CBD42199BE1E500CB8A05 /* ZCOpalTabbarView.h */,
				965CBD43199BE1E500CB8A05 /* ZCOpalTabbarView.m */,
				965CBD54199C090000CB8A05 /* ZCNaviBlurView.h */,
				965CBD55199C090000CB8A05 /* ZCNaviBlurView.m */,
			);
			name = main;
			sourceTree = "<group>";
		};
		965CBD53199C088A00CB8A05 /* scroolview */ = {
			isa = PBXGroup;
			children = (
				965CBD3F199BDA6E00CB8A05 /* ZCScrollViewController.h */,
				965CBD40199BDA6E00CB8A05 /* ZCScrollViewController.m */,
			);
			name = scroolview;
			sourceTree = "<group>";
		};
/* End PBXGroup section */

/* Begin PBXNativeTarget section */
		965CBD0B199BCE3100CB8A05 /* iOS7stylenavigationbar and tabbar */ = {
			isa = PBXNativeTarget;
			buildConfigurationList = 965CBD2C199BCE3100CB8A05 /* Build configuration list for PBXNativeTarget "iOS7stylenavigationbar and tabbar" */;
			buildPhases = (
				965CBD08199BCE3100CB8A05 /* Sources */,
				965CBD09199BCE3100CB8A05 /* Frameworks */,
				965CBD0A199BCE3100CB8A05 /* Resources */,
			);
			buildRules = (
			);
			dependencies = (
			);
			name = "iOS7stylenavigationbar and tabbar";
			productName = "iOS7stylenavigationbar and tabbar";
			productReference = 965CBD0C199BCE3100CB8A05 /* iOS7stylenavigationbar and tabbar.app */;
			productType = "com.apple.product-type.application";
		};
		965CBD21199BCE3100CB8A05 /* iOS7stylenavigationbar and tabbarTests */ = {
			isa = PBXNativeTarget;
			buildConfigurationList = 965CBD2F199BCE3100CB8A05 /* Build configuration list for PBXNativeTarget "iOS7stylenavigationbar and tabbarTests" */;
			buildPhases = (
				965CBD1E199BCE3100CB8A05 /* Sources */,
				965CBD1F199BCE3100CB8A05 /* Frameworks */,
				965CBD20199BCE3100CB8A05 /* Resources */,
			);
			buildRules = (
			);
			dependencies = (
				965CBD24199BCE3100CB8A05 /* PBXTargetDependency */,
			);
			name = "iOS7stylenavigationbar and tabbarTests";
			productName = "iOS7stylenavigationbar and tabbarTests";
			productReference = 965CBD22199BCE3100CB8A05 /* iOS7stylenavigationbar and tabbarTests.xctest */;
			productType = "com.apple.product-type.bundle.unit-test";
		};
/* End PBXNativeTarget section */

/* Begin PBXProject section */
		965CBD04199BCE3100CB8A05 /* Project object */ = {
			isa = PBXProject;
			attributes = {
				LastUpgradeCheck = 0600;
				ORGANIZATIONNAME = "Jason Zhou";
				TargetAttributes = {
					965CBD0B199BCE3100CB8A05 = {
						CreatedOnToolsVersion = 6.0;
					};
					965CBD21199BCE3100CB8A05 = {
						CreatedOnToolsVersion = 6.0;
						TestTargetID = 965CBD0B199BCE3100CB8A05;
					};
				};
			};
			buildConfigurationList = 965CBD07199BCE3100CB8A05 /* Build configuration list for PBXProject "iOS7stylenavigationbar and tabbar" */;
			compatibilityVersion = "Xcode 3.2";
			developmentRegion = English;
			hasScannedForEncodings = 0;
			knownRegions = (
				en,
				Base,
			);
			mainGroup = 965CBD03199BCE3100CB8A05;
			productRefGroup = 965CBD0D199BCE3100CB8A05 /* Products */;
			projectDirPath = "";
			projectRoot = "";
			targets = (
				965CBD0B199BCE3100CB8A05 /* iOS7stylenavigationbar and tabbar */,
				965CBD21199BCE3100CB8A05 /* iOS7stylenavigationbar and tabbarTests */,
			);
		};
/* End PBXProject section */

/* Begin PBXResourcesBuildPhase section */
		965CBD0A199BCE3100CB8A05 /* Resources */ = {
			isa = PBXResourcesBuildPhase;
			buildActionMask = 2147483647;
			files = (
				965CBD1D199BCE3100CB8A05 /* Images.xcassets in Resources */,
			);
			runOnlyForDeploymentPostprocessing = 0;
		};
		965CBD20199BCE3100CB8A05 /* Resources */ = {
			isa = PBXResourcesBuildPhase;
			buildActionMask = 2147483647;
			files = (
			);
			runOnlyForDeploymentPostprocessing = 0;
		};
/* End PBXResourcesBuildPhase section */

/* Begin PBXSourcesBuildPhase section */
		965CBD08199BCE3100CB8A05 /* Sources */ = {
			isa = PBXSourcesBuildPhase;
			buildActionMask = 2147483647;
			files = (
				965CBD15199BCE3100CB8A05 /* AppDelegate.m in Sources */,
				965CBD3E199BD12C00CB8A05 /* ZCOpalNaviVC.m in Sources */,
				965CBD37199BCED300CB8A05 /* UIERealTimeBlurView.m in Sources */,
				965CBD38199BCED300CB8A05 /* UIImage+BoxBlur.m in Sources */,
				965CBD49199C02A600CB8A05 /* ZCtableVIewVC.m in Sources */,
				965CBD12199BCE3100CB8A05 /* main.m in Sources */,
				965CBD41199BDA6E00CB8A05 /* ZCScrollViewController.m in Sources */,
				965CBD50199C03FB00CB8A05 /* UIColor+GraphKit.m in Sources */,
				965CBD4F199C03FB00CB8A05 /* UIColor+Extension.m in Sources */,
				965CBD44199BE1E500CB8A05 /* ZCOpalTabbarView.m in Sources */,
				965CBD56199C090000CB8A05 /* ZCNaviBlurView.m in Sources */,
				965CBD3B199BD05800CB8A05 /* ZCOpalTabbarVC.m in Sources */,
			);
			runOnlyForDeploymentPostprocessing = 0;
		};
		965CBD1E199BCE3100CB8A05 /* Sources */ = {
			isa = PBXSourcesBuildPhase;
			buildActionMask = 2147483647;
			files = (
				965CBD29199BCE3100CB8A05 /* iOS7stylenavigationbar_and_tabbarTests.m in Sources */,
			);
			runOnlyForDeploymentPostprocessing = 0;
		};
/* End PBXSourcesBuildPhase section */

/* Begin PBXTargetDependency section */
		965CBD24199BCE3100CB8A05 /* PBXTargetDependency */ = {
			isa = PBXTargetDependency;
			target = 965CBD0B199BCE3100CB8A05 /* iOS7stylenavigationbar and tabbar */;
			targetProxy = 965CBD23199BCE3100CB8A05 /* PBXContainerItemProxy */;
		};
/* End PBXTargetDependency section */

/* Begin XCBuildConfiguration section */
		965CBD2A199BCE3100CB8A05 /* Debug */ = {
			isa = XCBuildConfiguration;
			buildSettings = {
				ALWAYS_SEARCH_USER_PATHS = NO;
				CLANG_CXX_LANGUAGE_STANDARD = "gnu++0x";
				CLANG_CXX_LIBRARY = "libc++";
				CLANG_ENABLE_MODULES = YES;
				CLANG_ENABLE_OBJC_ARC = YES;
				CLANG_WARN_BOOL_CONVERSION = YES;
				CLANG_WARN_CONSTANT_CONVERSION = YES;
				CLANG_WARN_DIRECT_OBJC_ISA_USAGE = YES_ERROR;
				CLANG_WARN_EMPTY_BODY = YES;
				CLANG_WARN_ENUM_CONVERSION = YES;
				CLANG_WARN_INT_CONVERSION = YES;
				CLANG_WARN_OBJC_ROOT_CLASS = YES_ERROR;
				CLANG_WARN_UNREACHABLE_CODE = YES;
				CLANG_WARN__DUPLICATE_METHOD_MATCH = YES;
				"CODE_SIGN_IDENTITY[sdk=iphoneos*]" = "iPhone Developer";
				COPY_PHASE_STRIP = NO;
				ENABLE_STRICT_OBJC_MSGSEND = YES;
				GCC_C_LANGUAGE_STANDARD = gnu99;
				GCC_DYNAMIC_NO_PIC = NO;
				GCC_OPTIMIZATION_LEVEL = 0;
				GCC_PREPROCESSOR_DEFINITIONS = (
					"DEBUG=1",
					"$(inherited)",
				);
				GCC_SYMBOLS_PRIVATE_EXTERN = NO;
				GCC_WARN_64_TO_32_BIT_CONVERSION = YES;
				GCC_WARN_ABOUT_RETURN_TYPE = YES_ERROR;
				GCC_WARN_UNDECLARED_SELECTOR = YES;
				GCC_WARN_UNINITIALIZED_AUTOS = YES_AGGRESSIVE;
				GCC_WARN_UNUSED_FUNCTION = YES;
				GCC_WARN_UNUSED_VARIABLE = YES;
				IPHONEOS_DEPLOYMENT_TARGET = 7.0;
				MTL_ENABLE_DEBUG_INFO = YES;
				ONLY_ACTIVE_ARCH = YES;
				SDKROOT = iphoneos;
			};
			name = Debug;
		};
		965CBD2B199BCE3100CB8A05 /* Release */ = {
			isa = XCBuildConfiguration;
			buildSettings = {
				ALWAYS_SEARCH_USER_PATHS = NO;
				CLANG_CXX_LANGUAGE_STANDARD = "gnu++0x";
				CLANG_CXX_LIBRARY = "libc++";
				CLANG_ENABLE_MODULES = YES;
				CLANG_ENABLE_OBJC_ARC = YES;
				CLANG_WARN_BOOL_CONVERSION = YES;
				CLANG_WARN_CONSTANT_CONVERSION = YES;
				CLANG_WARN_DIRECT_OBJC_ISA_USAGE = YES_ERROR;
				CLANG_WARN_EMPTY_BODY = YES;
				CLANG_WARN_ENUM_CONVERSION = YES;
				CLANG_WARN_INT_CONVERSION = YES;
				CLANG_WARN_OBJC_ROOT_CLASS = YES_ERROR;
				CLANG_WARN_UNREACHABLE_CODE = YES;
				CLANG_WARN__DUPLICATE_METHOD_MATCH = YES;
				"CODE_SIGN_IDENTITY[sdk=iphoneos*]" = "iPhone Developer";
				COPY_PHASE_STRIP = YES;
				ENABLE_NS_ASSERTIONS = NO;
				ENABLE_STRICT_OBJC_MSGSEND = YES;
				GCC_C_LANGUAGE_STANDARD = gnu99;
				GCC_WARN_64_TO_32_BIT_CONVERSION = YES;
				GCC_WARN_ABOUT_RETURN_TYPE = YES_ERROR;
				GCC_WARN_UNDECLARED_SELECTOR = YES;
				GCC_WARN_UNINITIALIZED_AUTOS = YES_AGGRESSIVE;
				GCC_WARN_UNUSED_FUNCTION = YES;
				GCC_WARN_UNUSED_VARIABLE = YES;
				IPHONEOS_DEPLOYMENT_TARGET = 7.0;
				MTL_ENABLE_DEBUG_INFO = NO;
				SDKROOT = iphoneos;
				VALIDATE_PRODUCT = YES;
			};
			name = Release;
		};
		965CBD2D199BCE3100CB8A05 /* Debug */ = {
			isa = XCBuildConfiguration;
			buildSettings = {
				ASSETCATALOG_COMPILER_APPICON_NAME = AppIcon;
				ASSETCATALOG_COMPILER_LAUNCHIMAGE_NAME = LaunchImage;
				FRAMEWORK_SEARCH_PATHS = (
					"$(inherited)",
					"$(PROJECT_DIR)",
				);
				INFOPLIST_FILE = "iOS7stylenavigationbar and tabbar/Info.plist";
				LD_RUNPATH_SEARCH_PATHS = "$(inherited) @executable_path/Frameworks";
				OTHER_LDFLAGS = (
					"-ObjC",
					"-framework",
					Reveal,
				);
				PRODUCT_NAME = "$(TARGET_NAME)";
			};
			name = Debug;
		};
		965CBD2E199BCE3100CB8A05 /* Release */ = {
			isa = XCBuildConfiguration;
			buildSettings = {
				ASSETCATALOG_COMPILER_APPICON_NAME = AppIcon;
				ASSETCATALOG_COMPILER_LAUNCHIMAGE_NAME = LaunchImage;
				FRAMEWORK_SEARCH_PATHS = (
					"$(inherited)",
					"$(PROJECT_DIR)",
				);
				INFOPLIST_FILE = "iOS7stylenavigationbar and tabbar/Info.plist";
				LD_RUNPATH_SEARCH_PATHS = "$(inherited) @executable_path/Frameworks";
				PRODUCT_NAME = "$(TARGET_NAME)";
			};
			name = Release;
		};
		965CBD30199BCE3100CB8A05 /* Debug */ = {
			isa = XCBuildConfiguration;
			buildSettings = {
				BUNDLE_LOADER = "$(BUILT_PRODUCTS_DIR)/iOS7stylenavigationbar and tabbar.app/iOS7stylenavigationbar and tabbar";
				FRAMEWORK_SEARCH_PATHS = (
					"$(SDKROOT)/Developer/Library/Frameworks",
					"$(inherited)",
				);
				GCC_PREPROCESSOR_DEFINITIONS = (
					"DEBUG=1",
					"$(inherited)",
				);
				INFOPLIST_FILE = "iOS7stylenavigationbar and tabbarTests/Info.plist";
				LD_RUNPATH_SEARCH_PATHS = "$(inherited) @executable_path/Frameworks @loader_path/Frameworks";
				PRODUCT_NAME = "$(TARGET_NAME)";
				TEST_HOST = "$(BUNDLE_LOADER)";
			};
			name = Debug;
		};
		965CBD31199BCE3100CB8A05 /* Release */ = {
			isa = XCBuildConfiguration;
			buildSettings = {
				BUNDLE_LOADER = "$(BUILT_PRODUCTS_DIR)/iOS7stylenavigationbar and tabbar.app/iOS7stylenavigationbar and tabbar";
				FRAMEWORK_SEARCH_PATHS = (
					"$(SDKROOT)/Developer/Library/Frameworks",
					"$(inherited)",
				);
				INFOPLIST_FILE = "iOS7stylenavigationbar and tabbarTests/Info.plist";
				LD_RUNPATH_SEARCH_PATHS = "$(inherited) @executable_path/Frameworks @loader_path/Frameworks";
				PRODUCT_NAME = "$(TARGET_NAME)";
				TEST_HOST = "$(BUNDLE_LOADER)";
			};
			name = Release;
		};
/* End XCBuildConfiguration section */

/* Begin XCConfigurationList section */
		965CBD07199BCE3100CB8A05 /* Build configuration list for PBXProject "iOS7stylenavigationbar and tabbar" */ = {
			isa = XCConfigurationList;
			buildConfigurations = (
				965CBD2A199BCE3100CB8A05 /* Debug */,
				965CBD2B199BCE3100CB8A05 /* Release */,
			);
			defaultConfigurationIsVisible = 0;
			defaultConfigurationName = Release;
		};
		965CBD2C199BCE3100CB8A05 /* Build configuration list for PBXNativeTarget "iOS7stylenavigationbar and tabbar" */ = {
			isa = XCConfigurationList;
			buildConfigurations = (
				965CBD2D199BCE3100CB8A05 /* Debug */,
				965CBD2E199BCE3100CB8A05 /* Release */,
			);
			defaultConfigurationIsVisible = 0;
		};
		965CBD2F199BCE3100CB8A05 /* Build configuration list for PBXNativeTarget "iOS7stylenavigationbar and tabbarTests" */ = {
			isa = XCConfigurationList;
			buildConfigurations = (
				965CBD30199BCE3100CB8A05 /* Debug */,
				965CBD31199BCE3100CB8A05 /* Release */,
			);
			defaultConfigurationIsVisible = 0;
		};
/* End XCConfigurationList section */
	};
	rootObject = 965CBD04199BCE3100CB8A05 /* Project object */;
}
